
Microsoft Visual Studio Solution File, Format Version 12.00
# Visual Studio Version 17
VisualStudioVersion = 17.5.33516.290
MinimumVisualStudioVersion = 10.0.40219.1
Project("{8BC9CEB8-8B4A-11D0-8D11-00A0C91BC942}") = "VSDK_SkeletonDemo", "VSDK_SkeletonDemo\VSDK_SkeletonDemo.vcxproj", "{7581DAF6-6D1A-4845-947D-83583911FF4D}"
EndProject
Project("{8BC9CEB8-8B4A-11D0-8D11-00A0C91BC942}") = "VSDK_GetAudioRawData", "VSDK_GetAudioRawData\VSDK_GetAudioRawData.vcxproj", "{46426EB9-5928-479D-8231-25442F2075E1}"
EndProject
Project("{8BC9CEB8-8B4A-11D0-8D11-00A0C91BC942}") = "VSDK_GetVideoRawData", "VSDK_GetVideoRawData\VSDK_GetVideoRawData.vcxproj", "{EA6B5B42-F8B7-4F15-88A0-63280F30270B}"
EndProject
Project("{8BC9CEB8-8B4A-11D0-8D11-00A0C91BC942}") = "VSDK_SendAudioRawData", "VSDK_SendAudioRawData\VSDK_SendAudioRawData.vcxproj", "{7E3184D0-2DE0-469E-B06B-24FD6B850727}"
EndProject
Project("{2150E333-8FDC-42A3-9474-1A3956D46DE8}") = "Solution Items", "Solution Items", "{49351D62-A55D-4201-B4CE-C7836F9989F1}"
EndProject
Project("{8BC9CEB8-8B4A-11D0-8D11-00A0C91BC942}") = "VSDK_SendVideoRawData", "VSDK_SendVideoRawData\VSDK_SendVideoRawData.vcxproj", "{8D5F9E03-1353-4B34-89A2-600931EEAB03}"
EndProject
Project("{8BC9CEB8-8B4A-11D0-8D11-00A0C91BC942}") = "VSDK_GetShareRawData", "VSDK_GetShareRawData\VSDK_GetShareRawData.vcxproj", "{7E2A5982-A3A7-499C-A255-5FFE02792D4D}"
EndProject
Project("{8BC9CEB8-8B4A-11D0-8D11-00A0C91BC942}") = "VSDK_SendShareRawData", "VSDK_SendShareRawData\VSDK_SendShareRawData.vcxproj", "{B1F34B3B-EEC7-4BC9-A2D5-7679DE6AD362}"
EndProject
Project("{8BC9CEB8-8B4A-11D0-8D11-00A0C91BC942}") = "VSDK_Callout", "VSDK_Callout\VSDK_Callout.vcxproj", "{F1ACB391-74A5-4FE4-A834-400DD80626A8}"
EndProject
Project("{8BC9CEB8-8B4A-11D0-8D11-00A0C91BC942}") = "VSDK_CloudRecording", "VSDK_CloudRecording\VSDK_CloudRecording.vcxproj", "{3CFD3D38-D00E-4467-8E8A-C7BC71BED6F4}"
EndProject
Project("{8BC9CEB8-8B4A-11D0-8D11-00A0C91BC942}") = "VSDK_LTT", "VSDK_LTT\VSDK_LTT.vcxproj", "{F983E06D-3D87-4371-A18A-6D787F1C43A3}"
EndProject
Project("{8BC9CEB8-8B4A-11D0-8D11-00A0C91BC942}") = "VSDK_PreviewCameraAndMicrophone", "VSDK_PreviewCameraAndMicrophone\VSDK_PreviewCameraAndMicrophone.vcxproj", "{D32AEB66-400C-424C-9254-7F63C118DB2C}"
EndProject
Project("{8BC9CEB8-8B4A-11D0-8D11-00A0C91BC942}") = "VSDK_ServiceQuality", "VSDK_ServiceQuality\VSDK_ServiceQuality.vcxproj", "{2DF8E1DD-2137-4FD1-8EA5-A49A909F2C04}"
EndProject
Global
	GlobalSection(SolutionConfigurationPlatforms) = preSolution
		Debug|x64 = Debug|x64
		Debug|x86 = Debug|x86
		Release|x64 = Release|x64
		Release|x86 = Release|x86
	EndGlobalSection
	GlobalSection(ProjectConfigurationPlatforms) = postSolution
		{7581DAF6-6D1A-4845-947D-83583911FF4D}.Debug|x64.ActiveCfg = Debug|x64
		{7581DAF6-6D1A-4845-947D-83583911FF4D}.Debug|x64.Build.0 = Debug|x64
		{7581DAF6-6D1A-4845-947D-83583911FF4D}.Debug|x86.ActiveCfg = Debug|Win32
		{7581DAF6-6D1A-4845-947D-83583911FF4D}.Debug|x86.Build.0 = Debug|Win32
		{7581DAF6-6D1A-4845-947D-83583911FF4D}.Release|x64.ActiveCfg = Release|x64
		{7581DAF6-6D1A-4845-947D-83583911FF4D}.Release|x64.Build.0 = Release|x64
		{7581DAF6-6D1A-4845-947D-83583911FF4D}.Release|x86.ActiveCfg = Release|Win32
		{7581DAF6-6D1A-4845-947D-83583911FF4D}.Release|x86.Build.0 = Release|Win32
		{46426EB9-5928-479D-8231-25442F2075E1}.Debug|x64.ActiveCfg = Debug|x64
		{46426EB9-5928-479D-8231-25442F2075E1}.Debug|x64.Build.0 = Debug|x64
		{46426EB9-5928-479D-8231-25442F2075E1}.Debug|x86.ActiveCfg = Debug|Win32
		{46426EB9-5928-479D-8231-25442F2075E1}.Debug|x86.Build.0 = Debug|Win32
		{46426EB9-5928-479D-8231-25442F2075E1}.Release|x64.ActiveCfg = Release|x64
		{46426EB9-5928-479D-8231-25442F2075E1}.Release|x64.Build.0 = Release|x64
		{46426EB9-5928-479D-8231-25442F2075E1}.Release|x86.ActiveCfg = Release|Win32
		{46426EB9-5928-479D-8231-25442F2075E1}.Release|x86.Build.0 = Release|Win32
		{EA6B5B42-F8B7-4F15-88A0-63280F30270B}.Debug|x64.ActiveCfg = Debug|x64
		{EA6B5B42-F8B7-4F15-88A0-63280F30270B}.Debug|x64.Build.0 = Debug|x64
		{EA6B5B42-F8B7-4F15-88A0-63280F30270B}.Debug|x86.ActiveCfg = Debug|Win32
		{EA6B5B42-F8B7-4F15-88A0-63280F30270B}.Debug|x86.Build.0 = Debug|Win32
		{EA6B5B42-F8B7-4F15-88A0-63280F30270B}.Release|x64.ActiveCfg = Release|x64
		{EA6B5B42-F8B7-4F15-88A0-63280F30270B}.Release|x64.Build.0 = Release|x64
		{EA6B5B42-F8B7-4F15-88A0-63280F30270B}.Release|x86.ActiveCfg = Release|Win32
		{EA6B5B42-F8B7-4F15-88A0-63280F30270B}.Release|x86.Build.0 = Release|Win32
		{7E3184D0-2DE0-469E-B06B-24FD6B850727}.Debug|x64.ActiveCfg = Debug|x64
		{7E3184D0-2DE0-469E-B06B-24FD6B850727}.Debug|x64.Build.0 = Debug|x64
		{7E3184D0-2DE0-469E-B06B-24FD6B850727}.Debug|x86.ActiveCfg = Debug|Win32
		{7E3184D0-2DE0-469E-B06B-24FD6B850727}.Debug|x86.Build.0 = Debug|Win32
		{7E3184D0-2DE0-469E-B06B-24FD6B850727}.Release|x64.ActiveCfg = Release|x64
		{7E3184D0-2DE0-469E-B06B-24FD6B850727}.Release|x64.Build.0 = Release|x64
		{7E3184D0-2DE0-469E-B06B-24FD6B850727}.Release|x86.ActiveCfg = Release|Win32
		{7E3184D0-2DE0-469E-B06B-24FD6B850727}.Release|x86.Build.0 = Release|Win32
		{8D5F9E03-1353-4B34-89A2-600931EEAB03}.Debug|x64.ActiveCfg = Debug|x64
		{8D5F9E03-1353-4B34-89A2-600931EEAB03}.Debug|x64.Build.0 = Debug|x64
		{8D5F9E03-1353-4B34-89A2-600931EEAB03}.Debug|x86.ActiveCfg = Debug|Win32
		{8D5F9E03-1353-4B34-89A2-600931EEAB03}.Debug|x86.Build.0 = Debug|Win32
		{8D5F9E03-1353-4B34-89A2-600931EEAB03}.Release|x64.ActiveCfg = Release|x64
		{8D5F9E03-1353-4B34-89A2-600931EEAB03}.Release|x64.Build.0 = Release|x64
		{8D5F9E03-1353-4B34-89A2-600931EEAB03}.Release|x86.ActiveCfg = Release|Win32
		{8D5F9E03-1353-4B34-89A2-600931EEAB03}.Release|x86.Build.0 = Release|Win32
		{7E2A5982-A3A7-499C-A255-5FFE02792D4D}.Debug|x64.ActiveCfg = Debug|x64
		{7E2A5982-A3A7-499C-A255-5FFE02792D4D}.Debug|x64.Build.0 = Debug|x64
		{7E2A5982-A3A7-499C-A255-5FFE02792D4D}.Debug|x86.ActiveCfg = Debug|Win32
		{7E2A5982-A3A7-499C-A255-5FFE02792D4D}.Debug|x86.Build.0 = Debug|Win32
		{7E2A5982-A3A7-499C-A255-5FFE02792D4D}.Release|x64.ActiveCfg = Release|x64
		{7E2A5982-A3A7-499C-A255-5FFE02792D4D}.Release|x64.Build.0 = Release|x64
		{7E2A5982-A3A7-499C-A255-5FFE02792D4D}.Release|x86.ActiveCfg = Release|Win32
		{7E2A5982-A3A7-499C-A255-5FFE02792D4D}.Release|x86.Build.0 = Release|Win32
		{B1F34B3B-EEC7-4BC9-A2D5-7679DE6AD362}.Debug|x64.ActiveCfg = Debug|x64
		{B1F34B3B-EEC7-4BC9-A2D5-7679DE6AD362}.Debug|x64.Build.0 = Debug|x64
		{B1F34B3B-EEC7-4BC9-A2D5-7679DE6AD362}.Debug|x86.ActiveCfg = Debug|Win32
		{B1F34B3B-EEC7-4BC9-A2D5-7679DE6AD362}.Debug|x86.Build.0 = Debug|Win32
		{B1F34B3B-EEC7-4BC9-A2D5-7679DE6AD362}.Release|x64.ActiveCfg = Release|x64
		{B1F34B3B-EEC7-4BC9-A2D5-7679DE6AD362}.Release|x64.Build.0 = Release|x64
		{B1F34B3B-EEC7-4BC9-A2D5-7679DE6AD362}.Release|x86.ActiveCfg = Release|Win32
		{B1F34B3B-EEC7-4BC9-A2D5-7679DE6AD362}.Release|x86.Build.0 = Release|Win32
		{F1ACB391-74A5-4FE4-A834-400DD80626A8}.Debug|x64.ActiveCfg = Debug|x64
		{F1ACB391-74A5-4FE4-A834-400DD80626A8}.Debug|x64.Build.0 = Debug|x64
		{F1ACB391-74A5-4FE4-A834-400DD80626A8}.Debug|x86.ActiveCfg = Debug|Win32
		{F1ACB391-74A5-4FE4-A834-400DD80626A8}.Debug|x86.Build.0 = Debug|Win32
		{F1ACB391-74A5-4FE4-A834-400DD80626A8}.Release|x64.ActiveCfg = Release|x64
		{F1ACB391-74A5-4FE4-A834-400DD80626A8}.Release|x64.Build.0 = Release|x64
		{F1ACB391-74A5-4FE4-A834-400DD80626A8}.Release|x86.ActiveCfg = Release|Win32
		{F1ACB391-74A5-4FE4-A834-400DD80626A8}.Release|x86.Build.0 = Release|Win32
		{3CFD3D38-D00E-4467-8E8A-C7BC71BED6F4}.Debug|x64.ActiveCfg = Debug|x64
		{3CFD3D38-D00E-4467-8E8A-C7BC71BED6F4}.Debug|x64.Build.0 = Debug|x64
		{3CFD3D38-D00E-4467-8E8A-C7BC71BED6F4}.Debug|x86.ActiveCfg = Debug|Win32
		{3CFD3D38-D00E-4467-8E8A-C7BC71BED6F4}.Debug|x86.Build.0 = Debug|Win32
		{3CFD3D38-D00E-4467-8E8A-C7BC71BED6F4}.Release|x64.ActiveCfg = Release|x64
		{3CFD3D38-D00E-4467-8E8A-C7BC71BED6F4}.Release|x64.Build.0 = Release|x64
		{3CFD3D38-D00E-4467-8E8A-C7BC71BED6F4}.Release|x86.ActiveCfg = Release|Win32
		{3CFD3D38-D00E-4467-8E8A-C7BC71BED6F4}.Release|x86.Build.0 = Release|Win32
		{F983E06D-3D87-4371-A18A-6D787F1C43A3}.Debug|x64.ActiveCfg = Debug|x64
		{F983E06D-3D87-4371-A18A-6D787F1C43A3}.Debug|x64.Build.0 = Debug|x64
		{F983E06D-3D87-4371-A18A-6D787F1C43A3}.Debug|x86.ActiveCfg = Debug|Win32
		{F983E06D-3D87-4371-A18A-6D787F1C43A3}.Debug|x86.Build.0 = Debug|Win32
		{F983E06D-3D87-4371-A18A-6D787F1C43A3}.Release|x64.ActiveCfg = Release|x64
		{F983E06D-3D87-4371-A18A-6D787F1C43A3}.Release|x64.Build.0 = Release|x64
		{F983E06D-3D87-4371-A18A-6D787F1C43A3}.Release|x86.ActiveCfg = Release|Win32
		{F983E06D-3D87-4371-A18A-6D787F1C43A3}.Release|x86.Build.0 = Release|Win32
		{D32AEB66-400C-424C-9254-7F63C118DB2C}.Debug|x64.ActiveCfg = Debug|x64
		{D32AEB66-400C-424C-9254-7F63C118DB2C}.Debug|x64.Build.0 = Debug|x64
		{D32AEB66-400C-424C-9254-7F63C118DB2C}.Debug|x86.ActiveCfg = Debug|Win32
		{D32AEB66-400C-424C-9254-7F63C118DB2C}.Debug|x86.Build.0 = Debug|Win32
		{D32AEB66-400C-424C-9254-7F63C118DB2C}.Release|x64.ActiveCfg = Release|x64
		{D32AEB66-400C-424C-9254-7F63C118DB2C}.Release|x64.Build.0 = Release|x64
		{D32AEB66-400C-424C-9254-7F63C118DB2C}.Release|x86.ActiveCfg = Release|Win32
		{D32AEB66-400C-424C-9254-7F63C118DB2C}.Release|x86.Build.0 = Release|Win32
		{2DF8E1DD-2137-4FD1-8EA5-A49A909F2C04}.Debug|x64.ActiveCfg = Debug|x64
		{2DF8E1DD-2137-4FD1-8EA5-A49A909F2C04}.Debug|x64.Build.0 = Debug|x64
		{2DF8E1DD-2137-4FD1-8EA5-A49A909F2C04}.Debug|x86.ActiveCfg = Debug|Win32
		{2DF8E1DD-2137-4FD1-8EA5-A49A909F2C04}.Debug|x86.Build.0 = Debug|Win32
		{2DF8E1DD-2137-4FD1-8EA5-A49A909F2C04}.Release|x64.ActiveCfg = Release|x64
		{2DF8E1DD-2137-4FD1-8EA5-A49A909F2C04}.Release|x64.Build.0 = Release|x64
		{2DF8E1DD-2137-4FD1-8EA5-A49A909F2C04}.Release|x86.ActiveCfg = Release|Win32
		{2DF8E1DD-2137-4FD1-8EA5-A49A909F2C04}.Release|x86.Build.0 = Release|Win32
	EndGlobalSection
	GlobalSection(SolutionProperties) = preSolution
		HideSolutionNode = FALSE
	EndGlobalSection
	GlobalSection(ExtensibilityGlobals) = postSolution
		SolutionGuid = {6D197525-F334-4A2F-8BC5-50EFCA67CB6B}
	EndGlobalSection
EndGlobal
