
Microsoft Visual Studio Solution File, Format Version 12.00
# Visual Studio Version 17
VisualStudioVersion = 17.5.33516.290
MinimumVisualStudioVersion = 10.0.40219.1
Project("{8BC9CEB8-8B4A-11D0-8D11-00A0C91BC942}") = "VSDK_SkeletonDemo", "VSDK_SkeletonDemo\VSDK_SkeletonDemo.vcxproj", "{7581DAF6-6D1A-4845-947D-83583911FF4D}"
EndProject
Project("{8BC9CEB8-8B4A-11D0-8D11-00A0C91BC942}") = "VSDK_GetVideoRawData", "VSDK_GetVideoRawData\VSDK_GetVideoRawData.vcxproj", "{EA6B5B42-F8B7-4F15-88A0-63280F30270B}"
EndProject
Project("{2150E333-8FDC-42A3-9474-1A3956D46DE8}") = "Solution Items", "Solution Items", "{49351D62-A55D-4201-B4CE-C7836F9989F1}"
EndProject
Project("{8BC9CEB8-8B4A-11D0-8D11-00A0C91BC942}") = "VSDK_GetShareRawData", "VSDK_GetShareRawData\VSDK_GetShareRawData.vcxproj", "{7E2A5982-A3A7-499C-A255-5FFE02792D4D}"
EndProject
Project("{8BC9CEB8-8B4A-11D0-8D11-00A0C91BC942}") = "VSDK_Demo", "VSDK_Demo\VSDK_Demo.vcxproj", "{A9B5C0E8-0EAB-42D9-AAD0-D22E3CBDE8F7}"
EndProject
Global
	GlobalSection(SolutionConfigurationPlatforms) = preSolution
		Debug|x64 = Debug|x64
		Debug|x86 = Debug|x86
		Release|x64 = Release|x64
		Release|x86 = Release|x86
	EndGlobalSection
	GlobalSection(ProjectConfigurationPlatforms) = postSolution
		{7581DAF6-6D1A-4845-947D-83583911FF4D}.Debug|x64.ActiveCfg = Debug|x64
		{7581DAF6-6D1A-4845-947D-83583911FF4D}.Debug|x64.Build.0 = Debug|x64
		{7581DAF6-6D1A-4845-947D-83583911FF4D}.Debug|x86.ActiveCfg = Debug|Win32
		{7581DAF6-6D1A-4845-947D-83583911FF4D}.Debug|x86.Build.0 = Debug|Win32
		{7581DAF6-6D1A-4845-947D-83583911FF4D}.Release|x64.ActiveCfg = Release|x64
		{7581DAF6-6D1A-4845-947D-83583911FF4D}.Release|x64.Build.0 = Release|x64
		{7581DAF6-6D1A-4845-947D-83583911FF4D}.Release|x86.ActiveCfg = Release|Win32
		{7581DAF6-6D1A-4845-947D-83583911FF4D}.Release|x86.Build.0 = Release|Win32
		{EA6B5B42-F8B7-4F15-88A0-63280F30270B}.Debug|x64.ActiveCfg = Debug|x64
		{EA6B5B42-F8B7-4F15-88A0-63280F30270B}.Debug|x64.Build.0 = Debug|x64
		{EA6B5B42-F8B7-4F15-88A0-63280F30270B}.Debug|x86.ActiveCfg = Debug|Win32
		{EA6B5B42-F8B7-4F15-88A0-63280F30270B}.Debug|x86.Build.0 = Debug|Win32
		{EA6B5B42-F8B7-4F15-88A0-63280F30270B}.Release|x64.ActiveCfg = Release|x64
		{EA6B5B42-F8B7-4F15-88A0-63280F30270B}.Release|x64.Build.0 = Release|x64
		{EA6B5B42-F8B7-4F15-88A0-63280F30270B}.Release|x86.ActiveCfg = Release|Win32
		{EA6B5B42-F8B7-4F15-88A0-63280F30270B}.Release|x86.Build.0 = Release|Win32
		{7E2A5982-A3A7-499C-A255-5FFE02792D4D}.Debug|x64.ActiveCfg = Debug|x64
		{7E2A5982-A3A7-499C-A255-5FFE02792D4D}.Debug|x64.Build.0 = Debug|x64
		{7E2A5982-A3A7-499C-A255-5FFE02792D4D}.Debug|x86.ActiveCfg = Debug|Win32
		{7E2A5982-A3A7-499C-A255-5FFE02792D4D}.Debug|x86.Build.0 = Debug|Win32
		{7E2A5982-A3A7-499C-A255-5FFE02792D4D}.Release|x64.ActiveCfg = Release|x64
		{7E2A5982-A3A7-499C-A255-5FFE02792D4D}.Release|x64.Build.0 = Release|x64
		{7E2A5982-A3A7-499C-A255-5FFE02792D4D}.Release|x86.ActiveCfg = Release|Win32
		{7E2A5982-A3A7-499C-A255-5FFE02792D4D}.Release|x86.Build.0 = Release|Win32
		{A9B5C0E8-0EAB-42D9-AAD0-D22E3CBDE8F7}.Debug|x64.ActiveCfg = Debug|x64
		{A9B5C0E8-0EAB-42D9-AAD0-D22E3CBDE8F7}.Debug|x64.Build.0 = Debug|x64
		{A9B5C0E8-0EAB-42D9-AAD0-D22E3CBDE8F7}.Debug|x86.ActiveCfg = Debug|Win32
		{A9B5C0E8-0EAB-42D9-AAD0-D22E3CBDE8F7}.Debug|x86.Build.0 = Debug|Win32
		{A9B5C0E8-0EAB-42D9-AAD0-D22E3CBDE8F7}.Release|x64.ActiveCfg = Release|x64
		{A9B5C0E8-0EAB-42D9-AAD0-D22E3CBDE8F7}.Release|x64.Build.0 = Release|x64
		{A9B5C0E8-0EAB-42D9-AAD0-D22E3CBDE8F7}.Release|x86.ActiveCfg = Release|Win32
		{A9B5C0E8-0EAB-42D9-AAD0-D22E3CBDE8F7}.Release|x86.Build.0 = Release|Win32
	EndGlobalSection
	GlobalSection(SolutionProperties) = preSolution
		HideSolutionNode = FALSE
	EndGlobalSection
	GlobalSection(ExtensibilityGlobals) = postSolution
		SolutionGuid = {6D197525-F334-4A2F-8BC5-50EFCA67CB6B}
	EndGlobalSection
EndGlobal
