
Microsoft Visual Studio Solution File, Format Version 12.00
# Visual Studio Version 17
VisualStudioVersion = 17.5.33516.290
MinimumVisualStudioVersion = 10.0.40219.1
Project("{8BC9CEB8-8B4A-11D0-8D11-00A0C91BC942}") = "VSDK_SkeletonDemo", "VSDK_SkeletonDemo\VSDK_SkeletonDemo.vcxproj", "{7581DAF6-6D1A-4845-947D-83583911FF4D}"
EndProject
Project("{2150E333-8FDC-42A3-9474-1A3956D46DE8}") = "Solution Items", "Solution Items", "{49351D62-A55D-4201-B4CE-C7836F9989F1}"
	ProjectSection(SolutionItems) = preProject
		README.md = README.md
		version.txt = version.txt
	EndProjectSection
EndProject
Project("{8BC9CEB8-8B4A-11D0-8D11-00A0C91BC942}") = "VSDK_Demo", "VSDK_Demo\VSDK_Demo.vcxproj", "{A9B5C0E8-0EAB-42D9-AAD0-D22E3CBDE8F7}"
EndProject
Project("{8BC9CEB8-8B4A-11D0-8D11-00A0C91BC942}") = "VSDK_ServiceQuality", "VSDK_ServiceQuality\VSDK_ServiceQuality.vcxproj", "{1F2D67BC-3903-4021-8FBB-48AEDD24ABCF}"
EndProject
Project("{8BC9CEB8-8B4A-11D0-8D11-00A0C91BC942}") = "VSDK_TranscriptionAndTranslation", "VSDK_TranscriptionAndTranslation\VSDK_TranscriptionAndTranslation.vcxproj", "{1EEC338C-E327-47C3-95EB-CBB1BCFB900B}"
EndProject
Project("{8BC9CEB8-8B4A-11D0-8D11-00A0C91BC942}") = "VSDK_CloudRecording", "VSDK_CloudRecording\VSDK_CloudRecording.vcxproj", "{3D7FF771-839B-42F8-97BB-DD84836D0DE0}"
EndProject
Project("{8BC9CEB8-8B4A-11D0-8D11-00A0C91BC942}") = "VSDK_Callout", "VSDK_Callout\VSDK_Callout.vcxproj", "{FFB43034-1F0F-4C2E-B58F-934DAA481FBF}"
EndProject
Project("{8BC9CEB8-8B4A-11D0-8D11-00A0C91BC942}") = "VSDK_PreviewCameraAndMicrophone", "VSDK_PreviewCameraAndMicrophone\VSDK_PreviewCameraAndMicrophone.vcxproj", "{3E63B38E-D567-4DAF-8CB6-BA2A81BDBA75}"
EndProject
Project("{8BC9CEB8-8B4A-11D0-8D11-00A0C91BC942}") = "VSDK_sendRawVideo", "VSDK_sendRawVideo\VSDK_sendRawVideo.vcxproj", "{0A45F210-7527-4A58-87E0-91B86BA97E5D}"
EndProject
Project("{8BC9CEB8-8B4A-11D0-8D11-00A0C91BC942}") = "VSDK_sendRawShare", "VSDK_sendRawShare\VSDK_sendRawShare.vcxproj", "{37CA8D9A-8E2A-4799-B02A-5C61E1CA66FD}"
EndProject
Project("{8BC9CEB8-8B4A-11D0-8D11-00A0C91BC942}") = "VSDK_sendRawAudio", "VSDK_sendRawAudio\VSDK_sendRawAudio.vcxproj", "{2351F4D0-FB20-4B64-8F30-479773283E84}"
EndProject
Project("{8BC9CEB8-8B4A-11D0-8D11-00A0C91BC942}") = "VSDK_getRawAudio", "VSDK_getRawAudio\VSDK_getRawAudio.vcxproj", "{BB5088BE-7E18-48AD-9F47-E26448CC8853}"
EndProject
Project("{8BC9CEB8-8B4A-11D0-8D11-00A0C91BC942}") = "VSDK_getRawShare", "VSDK_getRawShare\VSDK_getRawShare.vcxproj", "{0B5F3EDA-4E56-45E9-ABFE-6967AE2F2E18}"
EndProject
Project("{8BC9CEB8-8B4A-11D0-8D11-00A0C91BC942}") = "VSDK_getRawVideo", "VSDK_getRawVideo\VSDK_getRawVideo.vcxproj", "{FFB101B2-CBAC-474B-8F44-278DCBA476FD}"
EndProject
Project("{8BC9CEB8-8B4A-11D0-8D11-00A0C91BC942}") = "VSDK_MultiStreamVideo", "VSDK_MultiStreamVideo\VSDK_MultiStreamVideo.vcxproj", "{D409CEB6-FF35-4123-A533-E99EF6463227}"
EndProject
Project("{8BC9CEB8-8B4A-11D0-8D11-00A0C91BC942}") = "VSDK_CommandChannel", "VSDK_CommandChannel\VSDK_CommandChannel.vcxproj", "{85716F02-1F9C-45CD-832C-E0D8BAF1A444}"
EndProject
Project("{8BC9CEB8-8B4A-11D0-8D11-00A0C91BC942}") = "VSDK_getRawAVSToAWS", "VSDK_getRawAVSToAWS\VSDK_getRawAVSToAWS.vcxproj", "{9750AFC3-9A20-40AF-9420-840EA0795EED}"
EndProject
Project("{8BC9CEB8-8B4A-11D0-8D11-00A0C91BC942}") = "VSDK_getRawAVSToAWSMP4", "VSDK_getRawAVSToAWSMP4\VSDK_getRawAVSToAWSMP4.vcxproj", "{6C77E4AE-D342-4971-9D96-E0A75F12AD55}"
EndProject
Project("{8BC9CEB8-8B4A-11D0-8D11-00A0C91BC942}") = "VSDK_Share2ndCameraAsMultiCam", "VSDK_Share2ndCameraAsMultiCam\VSDK_Share2ndCameraAsMultiCam.vcxproj", "{92E28923-C29F-4050-9315-D6AE3CE86689}"
EndProject
Project("{8BC9CEB8-8B4A-11D0-8D11-00A0C91BC942}") = "VSDK_Share2ndCameraAsShareScreenDemo", "VSDK_Share2ndCameraAsShareScreenDemo\VSDK_Share2ndCameraAsShareScreenDemo.vcxproj", "{49759D2A-A4D9-42DD-91FC-2614685ABA0C}"
EndProject
Global
	GlobalSection(SolutionConfigurationPlatforms) = preSolution
		Debug|x64 = Debug|x64
		Debug|x86 = Debug|x86
		Release|x64 = Release|x64
		Release|x86 = Release|x86
	EndGlobalSection
	GlobalSection(ProjectConfigurationPlatforms) = postSolution
		{7581DAF6-6D1A-4845-947D-83583911FF4D}.Debug|x64.ActiveCfg = Debug|x64
		{7581DAF6-6D1A-4845-947D-83583911FF4D}.Debug|x64.Build.0 = Debug|x64
		{7581DAF6-6D1A-4845-947D-83583911FF4D}.Debug|x86.ActiveCfg = Debug|Win32
		{7581DAF6-6D1A-4845-947D-83583911FF4D}.Debug|x86.Build.0 = Debug|Win32
		{7581DAF6-6D1A-4845-947D-83583911FF4D}.Release|x64.ActiveCfg = Release|x64
		{7581DAF6-6D1A-4845-947D-83583911FF4D}.Release|x64.Build.0 = Release|x64
		{7581DAF6-6D1A-4845-947D-83583911FF4D}.Release|x86.ActiveCfg = Release|Win32
		{7581DAF6-6D1A-4845-947D-83583911FF4D}.Release|x86.Build.0 = Release|Win32
		{A9B5C0E8-0EAB-42D9-AAD0-D22E3CBDE8F7}.Debug|x64.ActiveCfg = Debug|x64
		{A9B5C0E8-0EAB-42D9-AAD0-D22E3CBDE8F7}.Debug|x64.Build.0 = Debug|x64
		{A9B5C0E8-0EAB-42D9-AAD0-D22E3CBDE8F7}.Debug|x86.ActiveCfg = Debug|Win32
		{A9B5C0E8-0EAB-42D9-AAD0-D22E3CBDE8F7}.Debug|x86.Build.0 = Debug|Win32
		{A9B5C0E8-0EAB-42D9-AAD0-D22E3CBDE8F7}.Release|x64.ActiveCfg = Release|x64
		{A9B5C0E8-0EAB-42D9-AAD0-D22E3CBDE8F7}.Release|x64.Build.0 = Release|x64
		{A9B5C0E8-0EAB-42D9-AAD0-D22E3CBDE8F7}.Release|x86.ActiveCfg = Release|Win32
		{A9B5C0E8-0EAB-42D9-AAD0-D22E3CBDE8F7}.Release|x86.Build.0 = Release|Win32
		{1F2D67BC-3903-4021-8FBB-48AEDD24ABCF}.Debug|x64.ActiveCfg = Debug|x64
		{1F2D67BC-3903-4021-8FBB-48AEDD24ABCF}.Debug|x64.Build.0 = Debug|x64
		{1F2D67BC-3903-4021-8FBB-48AEDD24ABCF}.Debug|x86.ActiveCfg = Debug|Win32
		{1F2D67BC-3903-4021-8FBB-48AEDD24ABCF}.Debug|x86.Build.0 = Debug|Win32
		{1F2D67BC-3903-4021-8FBB-48AEDD24ABCF}.Release|x64.ActiveCfg = Release|x64
		{1F2D67BC-3903-4021-8FBB-48AEDD24ABCF}.Release|x64.Build.0 = Release|x64
		{1F2D67BC-3903-4021-8FBB-48AEDD24ABCF}.Release|x86.ActiveCfg = Release|Win32
		{1F2D67BC-3903-4021-8FBB-48AEDD24ABCF}.Release|x86.Build.0 = Release|Win32
		{1EEC338C-E327-47C3-95EB-CBB1BCFB900B}.Debug|x64.ActiveCfg = Debug|x64
		{1EEC338C-E327-47C3-95EB-CBB1BCFB900B}.Debug|x64.Build.0 = Debug|x64
		{1EEC338C-E327-47C3-95EB-CBB1BCFB900B}.Debug|x86.ActiveCfg = Debug|Win32
		{1EEC338C-E327-47C3-95EB-CBB1BCFB900B}.Debug|x86.Build.0 = Debug|Win32
		{1EEC338C-E327-47C3-95EB-CBB1BCFB900B}.Release|x64.ActiveCfg = Release|x64
		{1EEC338C-E327-47C3-95EB-CBB1BCFB900B}.Release|x64.Build.0 = Release|x64
		{1EEC338C-E327-47C3-95EB-CBB1BCFB900B}.Release|x86.ActiveCfg = Release|Win32
		{1EEC338C-E327-47C3-95EB-CBB1BCFB900B}.Release|x86.Build.0 = Release|Win32
		{3D7FF771-839B-42F8-97BB-DD84836D0DE0}.Debug|x64.ActiveCfg = Debug|x64
		{3D7FF771-839B-42F8-97BB-DD84836D0DE0}.Debug|x64.Build.0 = Debug|x64
		{3D7FF771-839B-42F8-97BB-DD84836D0DE0}.Debug|x86.ActiveCfg = Debug|Win32
		{3D7FF771-839B-42F8-97BB-DD84836D0DE0}.Debug|x86.Build.0 = Debug|Win32
		{3D7FF771-839B-42F8-97BB-DD84836D0DE0}.Release|x64.ActiveCfg = Release|x64
		{3D7FF771-839B-42F8-97BB-DD84836D0DE0}.Release|x64.Build.0 = Release|x64
		{3D7FF771-839B-42F8-97BB-DD84836D0DE0}.Release|x86.ActiveCfg = Release|Win32
		{3D7FF771-839B-42F8-97BB-DD84836D0DE0}.Release|x86.Build.0 = Release|Win32
		{FFB43034-1F0F-4C2E-B58F-934DAA481FBF}.Debug|x64.ActiveCfg = Debug|x64
		{FFB43034-1F0F-4C2E-B58F-934DAA481FBF}.Debug|x64.Build.0 = Debug|x64
		{FFB43034-1F0F-4C2E-B58F-934DAA481FBF}.Debug|x86.ActiveCfg = Debug|Win32
		{FFB43034-1F0F-4C2E-B58F-934DAA481FBF}.Debug|x86.Build.0 = Debug|Win32
		{FFB43034-1F0F-4C2E-B58F-934DAA481FBF}.Release|x64.ActiveCfg = Release|x64
		{FFB43034-1F0F-4C2E-B58F-934DAA481FBF}.Release|x64.Build.0 = Release|x64
		{FFB43034-1F0F-4C2E-B58F-934DAA481FBF}.Release|x86.ActiveCfg = Release|Win32
		{FFB43034-1F0F-4C2E-B58F-934DAA481FBF}.Release|x86.Build.0 = Release|Win32
		{3E63B38E-D567-4DAF-8CB6-BA2A81BDBA75}.Debug|x64.ActiveCfg = Debug|x64
		{3E63B38E-D567-4DAF-8CB6-BA2A81BDBA75}.Debug|x64.Build.0 = Debug|x64
		{3E63B38E-D567-4DAF-8CB6-BA2A81BDBA75}.Debug|x86.ActiveCfg = Debug|Win32
		{3E63B38E-D567-4DAF-8CB6-BA2A81BDBA75}.Debug|x86.Build.0 = Debug|Win32
		{3E63B38E-D567-4DAF-8CB6-BA2A81BDBA75}.Release|x64.ActiveCfg = Release|x64
		{3E63B38E-D567-4DAF-8CB6-BA2A81BDBA75}.Release|x64.Build.0 = Release|x64
		{3E63B38E-D567-4DAF-8CB6-BA2A81BDBA75}.Release|x86.ActiveCfg = Release|Win32
		{3E63B38E-D567-4DAF-8CB6-BA2A81BDBA75}.Release|x86.Build.0 = Release|Win32
		{0A45F210-7527-4A58-87E0-91B86BA97E5D}.Debug|x64.ActiveCfg = Debug|x64
		{0A45F210-7527-4A58-87E0-91B86BA97E5D}.Debug|x64.Build.0 = Debug|x64
		{0A45F210-7527-4A58-87E0-91B86BA97E5D}.Debug|x86.ActiveCfg = Debug|Win32
		{0A45F210-7527-4A58-87E0-91B86BA97E5D}.Debug|x86.Build.0 = Debug|Win32
		{0A45F210-7527-4A58-87E0-91B86BA97E5D}.Release|x64.ActiveCfg = Release|x64
		{0A45F210-7527-4A58-87E0-91B86BA97E5D}.Release|x64.Build.0 = Release|x64
		{0A45F210-7527-4A58-87E0-91B86BA97E5D}.Release|x86.ActiveCfg = Release|Win32
		{0A45F210-7527-4A58-87E0-91B86BA97E5D}.Release|x86.Build.0 = Release|Win32
		{37CA8D9A-8E2A-4799-B02A-5C61E1CA66FD}.Debug|x64.ActiveCfg = Debug|x64
		{37CA8D9A-8E2A-4799-B02A-5C61E1CA66FD}.Debug|x64.Build.0 = Debug|x64
		{37CA8D9A-8E2A-4799-B02A-5C61E1CA66FD}.Debug|x86.ActiveCfg = Debug|Win32
		{37CA8D9A-8E2A-4799-B02A-5C61E1CA66FD}.Debug|x86.Build.0 = Debug|Win32
		{37CA8D9A-8E2A-4799-B02A-5C61E1CA66FD}.Release|x64.ActiveCfg = Release|x64
		{37CA8D9A-8E2A-4799-B02A-5C61E1CA66FD}.Release|x64.Build.0 = Release|x64
		{37CA8D9A-8E2A-4799-B02A-5C61E1CA66FD}.Release|x86.ActiveCfg = Release|Win32
		{37CA8D9A-8E2A-4799-B02A-5C61E1CA66FD}.Release|x86.Build.0 = Release|Win32
		{2351F4D0-FB20-4B64-8F30-479773283E84}.Debug|x64.ActiveCfg = Debug|x64
		{2351F4D0-FB20-4B64-8F30-479773283E84}.Debug|x64.Build.0 = Debug|x64
		{2351F4D0-FB20-4B64-8F30-479773283E84}.Debug|x86.ActiveCfg = Debug|Win32
		{2351F4D0-FB20-4B64-8F30-479773283E84}.Debug|x86.Build.0 = Debug|Win32
		{2351F4D0-FB20-4B64-8F30-479773283E84}.Release|x64.ActiveCfg = Release|x64
		{2351F4D0-FB20-4B64-8F30-479773283E84}.Release|x64.Build.0 = Release|x64
		{2351F4D0-FB20-4B64-8F30-479773283E84}.Release|x86.ActiveCfg = Release|Win32
		{2351F4D0-FB20-4B64-8F30-479773283E84}.Release|x86.Build.0 = Release|Win32
		{BB5088BE-7E18-48AD-9F47-E26448CC8853}.Debug|x64.ActiveCfg = Debug|x64
		{BB5088BE-7E18-48AD-9F47-E26448CC8853}.Debug|x64.Build.0 = Debug|x64
		{BB5088BE-7E18-48AD-9F47-E26448CC8853}.Debug|x86.ActiveCfg = Debug|Win32
		{BB5088BE-7E18-48AD-9F47-E26448CC8853}.Debug|x86.Build.0 = Debug|Win32
		{BB5088BE-7E18-48AD-9F47-E26448CC8853}.Release|x64.ActiveCfg = Release|x64
		{BB5088BE-7E18-48AD-9F47-E26448CC8853}.Release|x64.Build.0 = Release|x64
		{BB5088BE-7E18-48AD-9F47-E26448CC8853}.Release|x86.ActiveCfg = Release|Win32
		{BB5088BE-7E18-48AD-9F47-E26448CC8853}.Release|x86.Build.0 = Release|Win32
		{0B5F3EDA-4E56-45E9-ABFE-6967AE2F2E18}.Debug|x64.ActiveCfg = Debug|x64
		{0B5F3EDA-4E56-45E9-ABFE-6967AE2F2E18}.Debug|x64.Build.0 = Debug|x64
		{0B5F3EDA-4E56-45E9-ABFE-6967AE2F2E18}.Debug|x86.ActiveCfg = Debug|Win32
		{0B5F3EDA-4E56-45E9-ABFE-6967AE2F2E18}.Debug|x86.Build.0 = Debug|Win32
		{0B5F3EDA-4E56-45E9-ABFE-6967AE2F2E18}.Release|x64.ActiveCfg = Release|x64
		{0B5F3EDA-4E56-45E9-ABFE-6967AE2F2E18}.Release|x64.Build.0 = Release|x64
		{0B5F3EDA-4E56-45E9-ABFE-6967AE2F2E18}.Release|x86.ActiveCfg = Release|Win32
		{0B5F3EDA-4E56-45E9-ABFE-6967AE2F2E18}.Release|x86.Build.0 = Release|Win32
		{FFB101B2-CBAC-474B-8F44-278DCBA476FD}.Debug|x64.ActiveCfg = Debug|x64
		{FFB101B2-CBAC-474B-8F44-278DCBA476FD}.Debug|x64.Build.0 = Debug|x64
		{FFB101B2-CBAC-474B-8F44-278DCBA476FD}.Debug|x86.ActiveCfg = Debug|Win32
		{FFB101B2-CBAC-474B-8F44-278DCBA476FD}.Debug|x86.Build.0 = Debug|Win32
		{FFB101B2-CBAC-474B-8F44-278DCBA476FD}.Release|x64.ActiveCfg = Release|x64
		{FFB101B2-CBAC-474B-8F44-278DCBA476FD}.Release|x64.Build.0 = Release|x64
		{FFB101B2-CBAC-474B-8F44-278DCBA476FD}.Release|x86.ActiveCfg = Release|Win32
		{FFB101B2-CBAC-474B-8F44-278DCBA476FD}.Release|x86.Build.0 = Release|Win32
		{D409CEB6-FF35-4123-A533-E99EF6463227}.Debug|x64.ActiveCfg = Debug|x64
		{D409CEB6-FF35-4123-A533-E99EF6463227}.Debug|x64.Build.0 = Debug|x64
		{D409CEB6-FF35-4123-A533-E99EF6463227}.Debug|x86.ActiveCfg = Debug|Win32
		{D409CEB6-FF35-4123-A533-E99EF6463227}.Debug|x86.Build.0 = Debug|Win32
		{D409CEB6-FF35-4123-A533-E99EF6463227}.Release|x64.ActiveCfg = Release|x64
		{D409CEB6-FF35-4123-A533-E99EF6463227}.Release|x64.Build.0 = Release|x64
		{D409CEB6-FF35-4123-A533-E99EF6463227}.Release|x86.ActiveCfg = Release|Win32
		{D409CEB6-FF35-4123-A533-E99EF6463227}.Release|x86.Build.0 = Release|Win32
		{85716F02-1F9C-45CD-832C-E0D8BAF1A444}.Debug|x64.ActiveCfg = Debug|x64
		{85716F02-1F9C-45CD-832C-E0D8BAF1A444}.Debug|x64.Build.0 = Debug|x64
		{85716F02-1F9C-45CD-832C-E0D8BAF1A444}.Debug|x86.ActiveCfg = Debug|Win32
		{85716F02-1F9C-45CD-832C-E0D8BAF1A444}.Debug|x86.Build.0 = Debug|Win32
		{85716F02-1F9C-45CD-832C-E0D8BAF1A444}.Release|x64.ActiveCfg = Release|x64
		{85716F02-1F9C-45CD-832C-E0D8BAF1A444}.Release|x64.Build.0 = Release|x64
		{85716F02-1F9C-45CD-832C-E0D8BAF1A444}.Release|x86.ActiveCfg = Release|Win32
		{85716F02-1F9C-45CD-832C-E0D8BAF1A444}.Release|x86.Build.0 = Release|Win32
		{9750AFC3-9A20-40AF-9420-840EA0795EED}.Debug|x64.ActiveCfg = Debug|x64
		{9750AFC3-9A20-40AF-9420-840EA0795EED}.Debug|x64.Build.0 = Debug|x64
		{9750AFC3-9A20-40AF-9420-840EA0795EED}.Debug|x86.ActiveCfg = Debug|Win32
		{9750AFC3-9A20-40AF-9420-840EA0795EED}.Debug|x86.Build.0 = Debug|Win32
		{9750AFC3-9A20-40AF-9420-840EA0795EED}.Release|x64.ActiveCfg = Release|x64
		{9750AFC3-9A20-40AF-9420-840EA0795EED}.Release|x64.Build.0 = Release|x64
		{9750AFC3-9A20-40AF-9420-840EA0795EED}.Release|x86.ActiveCfg = Release|Win32
		{9750AFC3-9A20-40AF-9420-840EA0795EED}.Release|x86.Build.0 = Release|Win32
		{6C77E4AE-D342-4971-9D96-E0A75F12AD55}.Debug|x64.ActiveCfg = Debug|x64
		{6C77E4AE-D342-4971-9D96-E0A75F12AD55}.Debug|x64.Build.0 = Debug|x64
		{6C77E4AE-D342-4971-9D96-E0A75F12AD55}.Debug|x86.ActiveCfg = Debug|Win32
		{6C77E4AE-D342-4971-9D96-E0A75F12AD55}.Debug|x86.Build.0 = Debug|Win32
		{6C77E4AE-D342-4971-9D96-E0A75F12AD55}.Release|x64.ActiveCfg = Release|x64
		{6C77E4AE-D342-4971-9D96-E0A75F12AD55}.Release|x64.Build.0 = Release|x64
		{6C77E4AE-D342-4971-9D96-E0A75F12AD55}.Release|x86.ActiveCfg = Release|Win32
		{6C77E4AE-D342-4971-9D96-E0A75F12AD55}.Release|x86.Build.0 = Release|Win32
		{92E28923-C29F-4050-9315-D6AE3CE86689}.Debug|x64.ActiveCfg = Debug|x64
		{92E28923-C29F-4050-9315-D6AE3CE86689}.Debug|x64.Build.0 = Debug|x64
		{92E28923-C29F-4050-9315-D6AE3CE86689}.Debug|x86.ActiveCfg = Debug|Win32
		{92E28923-C29F-4050-9315-D6AE3CE86689}.Debug|x86.Build.0 = Debug|Win32
		{92E28923-C29F-4050-9315-D6AE3CE86689}.Release|x64.ActiveCfg = Release|x64
		{92E28923-C29F-4050-9315-D6AE3CE86689}.Release|x64.Build.0 = Release|x64
		{92E28923-C29F-4050-9315-D6AE3CE86689}.Release|x86.ActiveCfg = Release|Win32
		{92E28923-C29F-4050-9315-D6AE3CE86689}.Release|x86.Build.0 = Release|Win32
		{49759D2A-A4D9-42DD-91FC-2614685ABA0C}.Debug|x64.ActiveCfg = Debug|x64
		{49759D2A-A4D9-42DD-91FC-2614685ABA0C}.Debug|x64.Build.0 = Debug|x64
		{49759D2A-A4D9-42DD-91FC-2614685ABA0C}.Debug|x86.ActiveCfg = Debug|Win32
		{49759D2A-A4D9-42DD-91FC-2614685ABA0C}.Debug|x86.Build.0 = Debug|Win32
		{49759D2A-A4D9-42DD-91FC-2614685ABA0C}.Release|x64.ActiveCfg = Release|x64
		{49759D2A-A4D9-42DD-91FC-2614685ABA0C}.Release|x64.Build.0 = Release|x64
		{49759D2A-A4D9-42DD-91FC-2614685ABA0C}.Release|x86.ActiveCfg = Release|Win32
		{49759D2A-A4D9-42DD-91FC-2614685ABA0C}.Release|x86.Build.0 = Release|Win32
	EndGlobalSection
	GlobalSection(SolutionProperties) = preSolution
		HideSolutionNode = FALSE
	EndGlobalSection
	GlobalSection(ExtensibilityGlobals) = postSolution
		SolutionGuid = {6D197525-F334-4A2F-8BC5-50EFCA67CB6B}
	EndGlobalSection
EndGlobal
